<?xml version="1.0" encoding="utf-8"?>
<Project ToolsVersion="4.0" xmlns="http://schemas.microsoft.com/developer/msbuild/2003">
  <ItemGroup>
    <ClCompile Include="src\main.cpp" />
    <ClCompile Include="src\core\application.cpp" />
    <ClCompile Include="src\managers\taskmanager.cpp" />
    <ClCompile Include="src\pch.cpp" />
    <ClCompile Include="src\windows\window_properties.cpp" />
    <ClCompile Include="src\windows\window_tasks.cpp" />
    <ClCompile Include="src\windows\window_debug.cpp" />
    <ClCompile Include="src\core\window.cpp" />
    <ClCompile Include="src\managers\inputmanager.cpp" />
    <ClCompile Include="src\managers\statemanager.cpp" />
    <ClCompile Include="src\managers\debugmanager.cpp" />
    <ClCompile Include="src\windows\window_log.cpp" />
    <ClCompile Include="src\model\task.cpp" />
    <ClCompile Include="src\time\time.cpp" />
    <ClCompile Include="src\time\time2.cpp" />
    <ClCompile Include="src\model\taskview.cpp" />
    <ClCompile Include="src\taskviews\taskview_categories.cpp" />
    <ClCompile Include="src\taskviews\taskview_activity.cpp" />
    <ClCompile Include="src\util\debug.cpp" />
    <ClCompile Include="src\util\imguioperators.cpp" />
  </ItemGroup>
  <ItemGroup>
    <ClInclude Include="src\core\application.h" />
    <ClInclude Include="src\core\window.h" />
    <ClInclude Include="src\managers\taskmanager.h" />
    <ClInclude Include="src\pch.h" />
    <ClInclude Include="src\model\task.h" />
    <ClInclude Include="src\util\asserts.h" />
    <ClInclude Include="src\util\imguihelpers.h" />
    <ClInclude Include="src\util\proxy.h" />
    <ClInclude Include="src\util\util.h" />
    <ClInclude Include="src\windows\window_properties.h" />
    <ClInclude Include="src\windows\window_tasks.h" />
    <ClInclude Include="src\util\tostring.h" />
    <ClInclude Include="src\windows\window_debug.h" />
    <ClInclude Include="src\managers\inputmanager.h" />
    <ClInclude Include="src\managers\inputscommon.h" />
    <ClInclude Include="src\managers\statemanager.h" />
    <ClInclude Include="src\managers\debugmanager.h" />
    <ClInclude Include="src\core\manager.h" />
    <ClInclude Include="src\time\time.h" />
    <ClInclude Include="src\util\json.h" />
    <ClInclude Include="src\external\nlohmann_json.hpp" />
    <ClInclude Include="src\external\nlohmann_json_fwd.hpp" />
    <ClInclude Include="src\windows\window_log.h" />
    <ClInclude Include="src\core\staticconfig.h" />
    <ClInclude Include="src\time\time2.h" />
    <ClInclude Include="src\util\jsonfwd.h" />
    <ClInclude Include="src\util\performance.h" />
    <ClInclude Include="src\core\app.h" />
    <ClInclude Include="src\model\taskview.h" />
    <ClInclude Include="src\taskviews\taskview_categories.h" />
    <ClInclude Include="src\taskviews\taskview_activity.h" />
    <ClInclude Include="src\util\debug.h" />
    <ClInclude Include="src\util\imguioperators.h" />
    <ClInclude Include="src\model\taskpriority.h" />
  </ItemGroup>
  <ItemGroup>
    <Natvis Include="src\natvis.natvis" />
  </ItemGroup>
</Project>